// !$*UTF8*$!
{
	archiveVersion = 1;
	classes = {
	};
	objectVersion = 46;
	objects = {

/* Begin PBXBuildFile section */
		9D0932BE1CDFD0A400F81ED4 /* RoomCell.swift in Sources */ = {isa = PBXBuildFile; fileRef = 9D0932BD1CDFD0A400F81ED4 /* RoomCell.swift */; };
		9D276EF61CDFE17700793BBD /* tcpserver.swift in Sources */ = {isa = PBXBuildFile; fileRef = 9D276EF51CDFE17700793BBD /* tcpserver.swift */; };
		9D276EFA1CDFE1B000793BBD /* GCDAsyncSocket.m in Sources */ = {isa = PBXBuildFile; fileRef = 9D276EF91CDFE1B000793BBD /* GCDAsyncSocket.m */; };
		9D276EFE1CE0CB5300793BBD /* Image in Resources */ = {isa = PBXBuildFile; fileRef = 9D276EFD1CE0CB5300793BBD /* Image */; };
		9D60E2AF1CDFCC6F00A64238 /* AppDelegate.swift in Sources */ = {isa = PBXBuildFile; fileRef = 9D60E2AE1CDFCC6F00A64238 /* AppDelegate.swift */; };
		9D60E2B11CDFCC6F00A64238 /* ViewController.swift in Sources */ = {isa = PBXBuildFile; fileRef = 9D60E2B01CDFCC6F00A64238 /* ViewController.swift */; };
		9D60E2B41CDFCC6F00A64238 /* Main.storyboard in Resources */ = {isa = PBXBuildFile; fileRef = 9D60E2B21CDFCC6F00A64238 /* Main.storyboard */; };
		9D60E2B61CDFCC6F00A64238 /* Assets.xcassets in Resources */ = {isa = PBXBuildFile; fileRef = 9D60E2B51CDFCC6F00A64238 /* Assets.xcassets */; };
		9D60E2B91CDFCC6F00A64238 /* LaunchScreen.storyboard in Resources */ = {isa = PBXBuildFile; fileRef = 9D60E2B71CDFCC6F00A64238 /* LaunchScreen.storyboard */; };
		9D60E2C41CDFCC6F00A64238 /* mychessTests.swift in Sources */ = {isa = PBXBuildFile; fileRef = 9D60E2C31CDFCC6F00A64238 /* mychessTests.swift */; };
		9D60E2CF1CDFCC6F00A64238 /* mychessUITests.swift in Sources */ = {isa = PBXBuildFile; fileRef = 9D60E2CE1CDFCC6F00A64238 /* mychessUITests.swift */; };
		B48DD4D71CE1648D007EF5F5 /* ChessGame.swift in Sources */ = {isa = PBXBuildFile; fileRef = B48DD4D61CE1648D007EF5F5 /* ChessGame.swift */; };
		B48DD4E01CE164B5007EF5F5 /* B AO.png in Resources */ = {isa = PBXBuildFile; fileRef = B48DD4D81CE164B5007EF5F5 /* B AO.png */; };
		B48DD4E11CE164B5007EF5F5 /* chess pieces.dae in Resources */ = {isa = PBXBuildFile; fileRef = B48DD4D91CE164B5007EF5F5 /* chess pieces.dae */; };
		B48DD4E21CE164B5007EF5F5 /* K AO.png in Resources */ = {isa = PBXBuildFile; fileRef = B48DD4DA1CE164B5007EF5F5 /* K AO.png */; };
		B48DD4E31CE164B5007EF5F5 /* Kn AO.png in Resources */ = {isa = PBXBuildFile; fileRef = B48DD4DB1CE164B5007EF5F5 /* Kn AO.png */; };
		B48DD4E41CE164B5007EF5F5 /* Kn Normal.png in Resources */ = {isa = PBXBuildFile; fileRef = B48DD4DC1CE164B5007EF5F5 /* Kn Normal.png */; };
		B48DD4E51CE164B5007EF5F5 /* P AO.png in Resources */ = {isa = PBXBuildFile; fileRef = B48DD4DD1CE164B5007EF5F5 /* P AO.png */; };
		B48DD4E61CE164B5007EF5F5 /* Q AO.png in Resources */ = {isa = PBXBuildFile; fileRef = B48DD4DE1CE164B5007EF5F5 /* Q AO.png */; };
		B48DD4E71CE164B5007EF5F5 /* R AO.png in Resources */ = {isa = PBXBuildFile; fileRef = B48DD4DF1CE164B5007EF5F5 /* R AO.png */; };
		B48DD4EA1CE16657007EF5F5 /* GameViewController.swift in Sources */ = {isa = PBXBuildFile; fileRef = B48DD4E91CE16657007EF5F5 /* GameViewController.swift */; };
/* End PBXBuildFile section */

/* Begin PBXContainerItemProxy section */
		9D60E2C01CDFCC6F00A64238 /* PBXContainerItemProxy */ = {
			isa = PBXContainerItemProxy;
			containerPortal = 9D60E2A31CDFCC6F00A64238 /* Project object */;
			proxyType = 1;
			remoteGlobalIDString = 9D60E2AA1CDFCC6F00A64238;
			remoteInfo = mychess;
		};
		9D60E2CB1CDFCC6F00A64238 /* PBXContainerItemProxy */ = {
			isa = PBXContainerItemProxy;
			containerPortal = 9D60E2A31CDFCC6F00A64238 /* Project object */;
			proxyType = 1;
			remoteGlobalIDString = 9D60E2AA1CDFCC6F00A64238;
			remoteInfo = mychess;
		};
/* End PBXContainerItemProxy section */

/* Begin PBXFileReference section */
		9D0932BD1CDFD0A400F81ED4 /* RoomCell.swift */ = {isa = PBXFileReference; fileEncoding = 4; lastKnownFileType = sourcecode.swift; path = RoomCell.swift; sourceTree = "<group>"; };
		9D276EF51CDFE17700793BBD /* tcpserver.swift */ = {isa = PBXFileReference; fileEncoding = 4; lastKnownFileType = sourcecode.swift; path = tcpserver.swift; sourceTree = "<group>"; };
		9D276EF71CDFE1AF00793BBD /* mychess-Bridging-Header.h */ = {isa = PBXFileReference; lastKnownFileType = sourcecode.c.h; path = "mychess-Bridging-Header.h"; sourceTree = "<group>"; };
		9D276EF81CDFE1B000793BBD /* GCDAsyncSocket.h */ = {isa = PBXFileReference; fileEncoding = 4; lastKnownFileType = sourcecode.c.h; path = GCDAsyncSocket.h; sourceTree = "<group>"; };
		9D276EF91CDFE1B000793BBD /* GCDAsyncSocket.m */ = {isa = PBXFileReference; fileEncoding = 4; lastKnownFileType = sourcecode.c.objc; path = GCDAsyncSocket.m; sourceTree = "<group>"; };
		9D276EFD1CE0CB5300793BBD /* Image */ = {isa = PBXFileReference; lastKnownFileType = folder; path = Image; sourceTree = "<group>"; };
		9D60E2AB1CDFCC6F00A64238 /* mychess.app */ = {isa = PBXFileReference; explicitFileType = wrapper.application; includeInIndex = 0; path = mychess.app; sourceTree = BUILT_PRODUCTS_DIR; };
		9D60E2AE1CDFCC6F00A64238 /* AppDelegate.swift */ = {isa = PBXFileReference; lastKnownFileType = sourcecode.swift; path = AppDelegate.swift; sourceTree = "<group>"; };
		9D60E2B01CDFCC6F00A64238 /* ViewController.swift */ = {isa = PBXFileReference; lastKnownFileType = sourcecode.swift; path = ViewController.swift; sourceTree = "<group>"; };
		9D60E2B31CDFCC6F00A64238 /* Base */ = {isa = PBXFileReference; lastKnownFileType = file.storyboard; name = Base; path = Base.lproj/Main.storyboard; sourceTree = "<group>"; };
		9D60E2B51CDFCC6F00A64238 /* Assets.xcassets */ = {isa = PBXFileReference; lastKnownFileType = folder.assetcatalog; path = Assets.xcassets; sourceTree = "<group>"; };
		9D60E2B81CDFCC6F00A64238 /* Base */ = {isa = PBXFileReference; lastKnownFileType = file.storyboard; name = Base; path = Base.lproj/LaunchScreen.storyboard; sourceTree = "<group>"; };
		9D60E2BA1CDFCC6F00A64238 /* Info.plist */ = {isa = PBXFileReference; lastKnownFileType = text.plist.xml; path = Info.plist; sourceTree = "<group>"; };
		9D60E2BF1CDFCC6F00A64238 /* mychessTests.xctest */ = {isa = PBXFileReference; explicitFileType = wrapper.cfbundle; includeInIndex = 0; path = mychessTests.xctest; sourceTree = BUILT_PRODUCTS_DIR; };
		9D60E2C31CDFCC6F00A64238 /* mychessTests.swift */ = {isa = PBXFileReference; lastKnownFileType = sourcecode.swift; path = mychessTests.swift; sourceTree = "<group>"; };
		9D60E2C51CDFCC6F00A64238 /* Info.plist */ = {isa = PBXFileReference; lastKnownFileType = text.plist.xml; path = Info.plist; sourceTree = "<group>"; };
		9D60E2CA1CDFCC6F00A64238 /* mychessUITests.xctest */ = {isa = PBXFileReference; explicitFileType = wrapper.cfbundle; includeInIndex = 0; path = mychessUITests.xctest; sourceTree = BUILT_PRODUCTS_DIR; };
		9D60E2CE1CDFCC6F00A64238 /* mychessUITests.swift */ = {isa = PBXFileReference; lastKnownFileType = sourcecode.swift; path = mychessUITests.swift; sourceTree = "<group>"; };
		9D60E2D01CDFCC6F00A64238 /* Info.plist */ = {isa = PBXFileReference; lastKnownFileType = text.plist.xml; path = Info.plist; sourceTree = "<group>"; };
		B48DD4D61CE1648D007EF5F5 /* ChessGame.swift */ = {isa = PBXFileReference; fileEncoding = 4; lastKnownFileType = sourcecode.swift; path = ChessGame.swift; sourceTree = "<group>"; };
		B48DD4D81CE164B5007EF5F5 /* B AO.png */ = {isa = PBXFileReference; lastKnownFileType = image.png; name = "B AO.png"; path = "Image/B AO.png"; sourceTree = "<group>"; };
		B48DD4D91CE164B5007EF5F5 /* chess pieces.dae */ = {isa = PBXFileReference; fileEncoding = 4; lastKnownFileType = text.xml.dae; name = "chess pieces.dae"; path = "Image/chess pieces.dae"; sourceTree = "<group>"; };
		B48DD4DA1CE164B5007EF5F5 /* K AO.png */ = {isa = PBXFileReference; lastKnownFileType = image.png; name = "K AO.png"; path = "Image/K AO.png"; sourceTree = "<group>"; };
		B48DD4DB1CE164B5007EF5F5 /* Kn AO.png */ = {isa = PBXFileReference; lastKnownFileType = image.png; name = "Kn AO.png"; path = "Image/Kn AO.png"; sourceTree = "<group>"; };
		B48DD4DC1CE164B5007EF5F5 /* Kn Normal.png */ = {isa = PBXFileReference; lastKnownFileType = image.png; name = "Kn Normal.png"; path = "Image/Kn Normal.png"; sourceTree = "<group>"; };
		B48DD4DD1CE164B5007EF5F5 /* P AO.png */ = {isa = PBXFileReference; lastKnownFileType = image.png; name = "P AO.png"; path = "Image/P AO.png"; sourceTree = "<group>"; };
		B48DD4DE1CE164B5007EF5F5 /* Q AO.png */ = {isa = PBXFileReference; lastKnownFileType = image.png; name = "Q AO.png"; path = "Image/Q AO.png"; sourceTree = "<group>"; };
		B48DD4DF1CE164B5007EF5F5 /* R AO.png */ = {isa = PBXFileReference; lastKnownFileType = image.png; name = "R AO.png"; path = "Image/R AO.png"; sourceTree = "<group>"; };
		B48DD4E91CE16657007EF5F5 /* GameViewController.swift */ = {isa = PBXFileReference; fileEncoding = 4; lastKnownFileType = sourcecode.swift; path = GameViewController.swift; sourceTree = "<group>"; };
/* End PBXFileReference section */

/* Begin PBXFrameworksBuildPhase section */
		9D60E2A81CDFCC6F00A64238 /* Frameworks */ = {
			isa = PBXFrameworksBuildPhase;
			buildActionMask = 2147483647;
			files = (
			);
			runOnlyForDeploymentPostprocessing = 0;
		};
		9D60E2BC1CDFCC6F00A64238 /* Frameworks */ = {
			isa = PBXFrameworksBuildPhase;
			buildActionMask = 2147483647;
			files = (
			);
			runOnlyForDeploymentPostprocessing = 0;
		};
		9D60E2C71CDFCC6F00A64238 /* Frameworks */ = {
			isa = PBXFrameworksBuildPhase;
			buildActionMask = 2147483647;
			files = (
			);
			runOnlyForDeploymentPostprocessing = 0;
		};
/* End PBXFrameworksBuildPhase section */

/* Begin PBXGroup section */
		9D60E2A21CDFCC6F00A64238 = {
			isa = PBXGroup;
			children = (
				9D60E2AD1CDFCC6F00A64238 /* mychess */,
				9D60E2C21CDFCC6F00A64238 /* mychessTests */,
				9D60E2CD1CDFCC6F00A64238 /* mychessUITests */,
				9D60E2AC1CDFCC6F00A64238 /* Products */,
			);
			sourceTree = "<group>";
		};
		9D60E2AC1CDFCC6F00A64238 /* Products */ = {
			isa = PBXGroup;
			children = (
				9D60E2AB1CDFCC6F00A64238 /* mychess.app */,
				9D60E2BF1CDFCC6F00A64238 /* mychessTests.xctest */,
				9D60E2CA1CDFCC6F00A64238 /* mychessUITests.xctest */,
			);
			name = Products;
			sourceTree = "<group>";
		};
		9D60E2AD1CDFCC6F00A64238 /* mychess */ = {
			isa = PBXGroup;
			children = (
				B48DD4E81CE164C9007EF5F5 /* Models */,
				B48DD4D61CE1648D007EF5F5 /* ChessGame.swift */,
				9D60E2AE1CDFCC6F00A64238 /* AppDelegate.swift */,
				9D60E2B01CDFCC6F00A64238 /* ViewController.swift */,
				9D0932BD1CDFD0A400F81ED4 /* RoomCell.swift */,
				9D276EF51CDFE17700793BBD /* tcpserver.swift */,
				9D276EF81CDFE1B000793BBD /* GCDAsyncSocket.h */,
				9D276EF91CDFE1B000793BBD /* GCDAsyncSocket.m */,
				9D60E2B21CDFCC6F00A64238 /* Main.storyboard */,
				B48DD4E91CE16657007EF5F5 /* GameViewController.swift */,
				9D276EFD1CE0CB5300793BBD /* Image */,
				9D60E2B51CDFCC6F00A64238 /* Assets.xcassets */,
				9D60E2B71CDFCC6F00A64238 /* LaunchScreen.storyboard */,
				9D60E2BA1CDFCC6F00A64238 /* Info.plist */,
				9D276EF71CDFE1AF00793BBD /* mychess-Bridging-Header.h */,
			);
			path = mychess;
			sourceTree = "<group>";
		};
		9D60E2C21CDFCC6F00A64238 /* mychessTests */ = {
			isa = PBXGroup;
			children = (
				9D60E2C31CDFCC6F00A64238 /* mychessTests.swift */,
				9D60E2C51CDFCC6F00A64238 /* Info.plist */,
			);
			path = mychessTests;
			sourceTree = "<group>";
		};
		9D60E2CD1CDFCC6F00A64238 /* mychessUITests */ = {
			isa = PBXGroup;
			children = (
				9D60E2CE1CDFCC6F00A64238 /* mychessUITests.swift */,
				9D60E2D01CDFCC6F00A64238 /* Info.plist */,
			);
			path = mychessUITests;
			sourceTree = "<group>";
		};
		B48DD4E81CE164C9007EF5F5 /* Models */ = {
			isa = PBXGroup;
			children = (
				B48DD4D81CE164B5007EF5F5 /* B AO.png */,
				B48DD4D91CE164B5007EF5F5 /* chess pieces.dae */,
				B48DD4DA1CE164B5007EF5F5 /* K AO.png */,
				B48DD4DB1CE164B5007EF5F5 /* Kn AO.png */,
				B48DD4DC1CE164B5007EF5F5 /* Kn Normal.png */,
				B48DD4DD1CE164B5007EF5F5 /* P AO.png */,
				B48DD4DE1CE164B5007EF5F5 /* Q AO.png */,
				B48DD4DF1CE164B5007EF5F5 /* R AO.png */,
			);
			name = Models;
			sourceTree = "<group>";
		};
/* End PBXGroup section */

/* Begin PBXNativeTarget section */
		9D60E2AA1CDFCC6F00A64238 /* mychess */ = {
			isa = PBXNativeTarget;
			buildConfigurationList = 9D60E2D31CDFCC6F00A64238 /* Build configuration list for PBXNativeTarget "mychess" */;
			buildPhases = (
				9D60E2A71CDFCC6F00A64238 /* Sources */,
				9D60E2A81CDFCC6F00A64238 /* Frameworks */,
				9D60E2A91CDFCC6F00A64238 /* Resources */,
			);
			buildRules = (
			);
			dependencies = (
			);
			name = mychess;
			productName = mychess;
			productReference = 9D60E2AB1CDFCC6F00A64238 /* mychess.app */;
			productType = "com.apple.product-type.application";
		};
		9D60E2BE1CDFCC6F00A64238 /* mychessTests */ = {
			isa = PBXNativeTarget;
			buildConfigurationList = 9D60E2D61CDFCC6F00A64238 /* Build configuration list for PBXNativeTarget "mychessTests" */;
			buildPhases = (
				9D60E2BB1CDFCC6F00A64238 /* Sources */,
				9D60E2BC1CDFCC6F00A64238 /* Frameworks */,
				9D60E2BD1CDFCC6F00A64238 /* Resources */,
			);
			buildRules = (
			);
			dependencies = (
				9D60E2C11CDFCC6F00A64238 /* PBXTargetDependency */,
			);
			name = mychessTests;
			productName = mychessTests;
			productReference = 9D60E2BF1CDFCC6F00A64238 /* mychessTests.xctest */;
			productType = "com.apple.product-type.bundle.unit-test";
		};
		9D60E2C91CDFCC6F00A64238 /* mychessUITests */ = {
			isa = PBXNativeTarget;
			buildConfigurationList = 9D60E2D91CDFCC6F00A64238 /* Build configuration list for PBXNativeTarget "mychessUITests" */;
			buildPhases = (
				9D60E2C61CDFCC6F00A64238 /* Sources */,
				9D60E2C71CDFCC6F00A64238 /* Frameworks */,
				9D60E2C81CDFCC6F00A64238 /* Resources */,
			);
			buildRules = (
			);
			dependencies = (
				9D60E2CC1CDFCC6F00A64238 /* PBXTargetDependency */,
			);
			name = mychessUITests;
			productName = mychessUITests;
			productReference = 9D60E2CA1CDFCC6F00A64238 /* mychessUITests.xctest */;
			productType = "com.apple.product-type.bundle.ui-testing";
		};
/* End PBXNativeTarget section */

/* Begin PBXProject section */
		9D60E2A31CDFCC6F00A64238 /* Project object */ = {
			isa = PBXProject;
			attributes = {
				LastSwiftUpdateCheck = 0730;
				LastUpgradeCheck = 0730;
				ORGANIZATIONNAME = taokan;
				TargetAttributes = {
					9D60E2AA1CDFCC6F00A64238 = {
						CreatedOnToolsVersion = 7.3.1;
					};
					9D60E2BE1CDFCC6F00A64238 = {
						CreatedOnToolsVersion = 7.3.1;
						TestTargetID = 9D60E2AA1CDFCC6F00A64238;
					};
					9D60E2C91CDFCC6F00A64238 = {
						CreatedOnToolsVersion = 7.3.1;
						TestTargetID = 9D60E2AA1CDFCC6F00A64238;
					};
				};
			};
			buildConfigurationList = 9D60E2A61CDFCC6F00A64238 /* Build configuration list for PBXProject "mychess" */;
			compatibilityVersion = "Xcode 3.2";
			developmentRegion = English;
			hasScannedForEncodings = 0;
			knownRegions = (
				en,
				Base,
			);
			mainGroup = 9D60E2A21CDFCC6F00A64238;
			productRefGroup = 9D60E2AC1CDFCC6F00A64238 /* Products */;
			projectDirPath = "";
			projectRoot = "";
			targets = (
				9D60E2AA1CDFCC6F00A64238 /* mychess */,
				9D60E2BE1CDFCC6F00A64238 /* mychessTests */,
				9D60E2C91CDFCC6F00A64238 /* mychessUITests */,
			);
		};
/* End PBXProject section */

/* Begin PBXResourcesBuildPhase section */
		9D60E2A91CDFCC6F00A64238 /* Resources */ = {
			isa = PBXResourcesBuildPhase;
			buildActionMask = 2147483647;
			files = (
				9D276EFE1CE0CB5300793BBD /* Image in Resources */,
				9D60E2B91CDFCC6F00A64238 /* LaunchScreen.storyboard in Resources */,
				B48DD4E21CE164B5007EF5F5 /* K AO.png in Resources */,
				B48DD4E01CE164B5007EF5F5 /* B AO.png in Resources */,
				9D60E2B61CDFCC6F00A64238 /* Assets.xcassets in Resources */,
				B48DD4E41CE164B5007EF5F5 /* Kn Normal.png in Resources */,
				B48DD4E61CE164B5007EF5F5 /* Q AO.png in Resources */,
				B48DD4E31CE164B5007EF5F5 /* Kn AO.png in Resources */,
				B48DD4E51CE164B5007EF5F5 /* P AO.png in Resources */,
				B48DD4E71CE164B5007EF5F5 /* R AO.png in Resources */,
				9D60E2B41CDFCC6F00A64238 /* Main.storyboard in Resources */,
				B48DD4E11CE164B5007EF5F5 /* chess pieces.dae in Resources */,
			);
			runOnlyForDeploymentPostprocessing = 0;
		};
		9D60E2BD1CDFCC6F00A64238 /* Resources */ = {
			isa = PBXResourcesBuildPhase;
			buildActionMask = 2147483647;
			files = (
			);
			runOnlyForDeploymentPostprocessing = 0;
		};
		9D60E2C81CDFCC6F00A64238 /* Resources */ = {
			isa = PBXResourcesBuildPhase;
			buildActionMask = 2147483647;
			files = (
			);
			runOnlyForDeploymentPostprocessing = 0;
		};
/* End PBXResourcesBuildPhase section */

/* Begin PBXSourcesBuildPhase section */
		9D60E2A71CDFCC6F00A64238 /* Sources */ = {
			isa = PBXSourcesBuildPhase;
			buildActionMask = 2147483647;
			files = (
				B48DD4EA1CE16657007EF5F5 /* GameViewController.swift in Sources */,
				B48DD4D71CE1648D007EF5F5 /* ChessGame.swift in Sources */,
				9D276EF61CDFE17700793BBD /* tcpserver.swift in Sources */,
				9D276EFA1CDFE1B000793BBD /* GCDAsyncSocket.m in Sources */,
				9D60E2B11CDFCC6F00A64238 /* ViewController.swift in Sources */,
				9D0932BE1CDFD0A400F81ED4 /* RoomCell.swift in Sources */,
				9D60E2AF1CDFCC6F00A64238 /* AppDelegate.swift in Sources */,
			);
			runOnlyForDeploymentPostprocessing = 0;
		};
		9D60E2BB1CDFCC6F00A64238 /* Sources */ = {
			isa = PBXSourcesBuildPhase;
			buildActionMask = 2147483647;
			files = (
				9D60E2C41CDFCC6F00A64238 /* mychessTests.swift in Sources */,
			);
			runOnlyForDeploymentPostprocessing = 0;
		};
		9D60E2C61CDFCC6F00A64238 /* Sources */ = {
			isa = PBXSourcesBuildPhase;
			buildActionMask = 2147483647;
			files = (
				9D60E2CF1CDFCC6F00A64238 /* mychessUITests.swift in Sources */,
			);
			runOnlyForDeploymentPostprocessing = 0;
		};
/* End PBXSourcesBuildPhase section */

/* Begin PBXTargetDependency section */
		9D60E2C11CDFCC6F00A64238 /* PBXTargetDependency */ = {
			isa = PBXTargetDependency;
			target = 9D60E2AA1CDFCC6F00A64238 /* mychess */;
			targetProxy = 9D60E2C01CDFCC6F00A64238 /* PBXContainerItemProxy */;
		};
		9D60E2CC1CDFCC6F00A64238 /* PBXTargetDependency */ = {
			isa = PBXTargetDependency;
			target = 9D60E2AA1CDFCC6F00A64238 /* mychess */;
			targetProxy = 9D60E2CB1CDFCC6F00A64238 /* PBXContainerItemProxy */;
		};
/* End PBXTargetDependency section */

/* Begin PBXVariantGroup section */
		9D60E2B21CDFCC6F00A64238 /* Main.storyboard */ = {
			isa = PBXVariantGroup;
			children = (
				9D60E2B31CDFCC6F00A64238 /* Base */,
			);
			name = Main.storyboard;
			sourceTree = "<group>";
		};
		9D60E2B71CDFCC6F00A64238 /* LaunchScreen.storyboard */ = {
			isa = PBXVariantGroup;
			children = (
				9D60E2B81CDFCC6F00A64238 /* Base */,
			);
			name = LaunchScreen.storyboard;
			sourceTree = "<group>";
		};
/* End PBXVariantGroup section */

/* Begin XCBuildConfiguration section */
		9D60E2D11CDFCC6F00A64238 /* Debug */ = {
			isa = XCBuildConfiguration;
			buildSettings = {
				ALWAYS_SEARCH_USER_PATHS = NO;
				CLANG_ANALYZER_NONNULL = YES;
				CLANG_CXX_LANGUAGE_STANDARD = "gnu++0x";
				CLANG_CXX_LIBRARY = "libc++";
				CLANG_ENABLE_MODULES = YES;
				CLANG_ENABLE_OBJC_ARC = YES;
				CLANG_WARN_BOOL_CONVERSION = YES;
				CLANG_WARN_CONSTANT_CONVERSION = YES;
				CLANG_WARN_DIRECT_OBJC_ISA_USAGE = YES_ERROR;
				CLANG_WARN_EMPTY_BODY = YES;
				CLANG_WARN_ENUM_CONVERSION = YES;
				CLANG_WARN_INT_CONVERSION = YES;
				CLANG_WARN_OBJC_ROOT_CLASS = YES_ERROR;
				CLANG_WARN_UNREACHABLE_CODE = YES;
				CLANG_WARN__DUPLICATE_METHOD_MATCH = YES;
				"CODE_SIGN_IDENTITY[sdk=iphoneos*]" = "iPhone Developer";
				COPY_PHASE_STRIP = NO;
				DEBUG_INFORMATION_FORMAT = dwarf;
				ENABLE_STRICT_OBJC_MSGSEND = YES;
				ENABLE_TESTABILITY = YES;
				GCC_C_LANGUAGE_STANDARD = gnu99;
				GCC_DYNAMIC_NO_PIC = NO;
				GCC_NO_COMMON_BLOCKS = YES;
				GCC_OPTIMIZATION_LEVEL = 0;
				GCC_PREPROCESSOR_DEFINITIONS = (
					"DEBUG=1",
					"$(inherited)",
				);
				GCC_WARN_64_TO_32_BIT_CONVERSION = YES;
				GCC_WARN_ABOUT_RETURN_TYPE = YES_ERROR;
				GCC_WARN_UNDECLARED_SELECTOR = YES;
				GCC_WARN_UNINITIALIZED_AUTOS = YES_AGGRESSIVE;
				GCC_WARN_UNUSED_FUNCTION = YES;
				GCC_WARN_UNUSED_VARIABLE = YES;
				IPHONEOS_DEPLOYMENT_TARGET = 9.3;
				MTL_ENABLE_DEBUG_INFO = YES;
				ONLY_ACTIVE_ARCH = YES;
				SDKROOT = iphoneos;
				SWIFT_OPTIMIZATION_LEVEL = "-Onone";
				TARGETED_DEVICE_FAMILY = "1,2";
			};
			name = Debug;
		};
		9D60E2D21CDFCC6F00A64238 /* Release */ = {
			isa = XCBuildConfiguration;
			buildSettings = {
				ALWAYS_SEARCH_USER_PATHS = NO;
				CLANG_ANALYZER_NONNULL = YES;
				CLANG_CXX_LANGUAGE_STANDARD = "gnu++0x";
				CLANG_CXX_LIBRARY = "libc++";
				CLANG_ENABLE_MODULES = YES;
				CLANG_ENABLE_OBJC_ARC = YES;
				CLANG_WARN_BOOL_CONVERSION = YES;
				CLANG_WARN_CONSTANT_CONVERSION = YES;
				CLANG_WARN_DIRECT_OBJC_ISA_USAGE = YES_ERROR;
				CLANG_WARN_EMPTY_BODY = YES;
				CLANG_WARN_ENUM_CONVERSION = YES;
				CLANG_WARN_INT_CONVERSION = YES;
				CLANG_WARN_OBJC_ROOT_CLASS = YES_ERROR;
				CLANG_WARN_UNREACHABLE_CODE = YES;
				CLANG_WARN__DUPLICATE_METHOD_MATCH = YES;
				"CODE_SIGN_IDENTITY[sdk=iphoneos*]" = "iPhone Developer";
				COPY_PHASE_STRIP = NO;
				DEBUG_INFORMATION_FORMAT = "dwarf-with-dsym";
				ENABLE_NS_ASSERTIONS = NO;
				ENABLE_STRICT_OBJC_MSGSEND = YES;
				GCC_C_LANGUAGE_STANDARD = gnu99;
				GCC_NO_COMMON_BLOCKS = YES;
				GCC_WARN_64_TO_32_BIT_CONVERSION = YES;
				GCC_WARN_ABOUT_RETURN_TYPE = YES_ERROR;
				GCC_WARN_UNDECLARED_SELECTOR = YES;
				GCC_WARN_UNINITIALIZED_AUTOS = YES_AGGRESSIVE;
				GCC_WARN_UNUSED_FUNCTION = YES;
				GCC_WARN_UNUSED_VARIABLE = YES;
				IPHONEOS_DEPLOYMENT_TARGET = 9.3;
				MTL_ENABLE_DEBUG_INFO = NO;
				SDKROOT = iphoneos;
				TARGETED_DEVICE_FAMILY = "1,2";
				VALIDATE_PRODUCT = YES;
			};
			name = Release;
		};
		9D60E2D41CDFCC6F00A64238 /* Debug */ = {
			isa = XCBuildConfiguration;
			buildSettings = {
				ASSETCATALOG_COMPILER_APPICON_NAME = AppIcon;
				CLANG_ENABLE_MODULES = YES;
				INFOPLIST_FILE = mychess/Info.plist;
				IPHONEOS_DEPLOYMENT_TARGET = 8.3;
				LD_RUNPATH_SEARCH_PATHS = "$(inherited) @executable_path/Frameworks";
				PRODUCT_BUNDLE_IDENTIFIER = kantao.mychess;
				PRODUCT_NAME = "$(TARGET_NAME)";
				SWIFT_OBJC_BRIDGING_HEADER = "mychess/mychess-Bridging-Header.h";
				SWIFT_OPTIMIZATION_LEVEL = "-Onone";
			};
			name = Debug;
		};
		9D60E2D51CDFCC6F00A64238 /* Release */ = {
			isa = XCBuildConfiguration;
			buildSettings = {
				ASSETCATALOG_COMPILER_APPICON_NAME = AppIcon;
				CLANG_ENABLE_MODULES = YES;
				INFOPLIST_FILE = mychess/Info.plist;
				IPHONEOS_DEPLOYMENT_TARGET = 8.3;
				LD_RUNPATH_SEARCH_PATHS = "$(inherited) @executable_path/Frameworks";
				PRODUCT_BUNDLE_IDENTIFIER = kantao.mychess;
				PRODUCT_NAME = "$(TARGET_NAME)";
				SWIFT_OBJC_BRIDGING_HEADER = "mychess/mychess-Bridging-Header.h";
			};
			name = Release;
		};
		9D60E2D71CDFCC6F00A64238 /* Debug */ = {
			isa = XCBuildConfiguration;
			buildSettings = {
				BUNDLE_LOADER = "$(TEST_HOST)";
				INFOPLIST_FILE = mychessTests/Info.plist;
				LD_RUNPATH_SEARCH_PATHS = "$(inherited) @executable_path/Frameworks @loader_path/Frameworks";
				PRODUCT_BUNDLE_IDENTIFIER = kantao.mychessTests;
				PRODUCT_NAME = "$(TARGET_NAME)";
				TEST_HOST = "$(BUILT_PRODUCTS_DIR)/mychess.app/mychess";
			};
			name = Debug;
		};
		9D60E2D81CDFCC6F00A64238 /* Release */ = {
			isa = XCBuildConfiguration;
			buildSettings = {
				BUNDLE_LOADER = "$(TEST_HOST)";
				INFOPLIST_FILE = mychessTests/Info.plist;
				LD_RUNPATH_SEARCH_PATHS = "$(inherited) @executable_path/Frameworks @loader_path/Frameworks";
				PRODUCT_BUNDLE_IDENTIFIER = kantao.mychessTests;
				PRODUCT_NAME = "$(TARGET_NAME)";
				TEST_HOST = "$(BUILT_PRODUCTS_DIR)/mychess.app/mychess";
			};
			name = Release;
		};
		9D60E2DA1CDFCC6F00A64238 /* Debug */ = {
			isa = XCBuildConfiguration;
			buildSettings = {
				INFOPLIST_FILE = mychessUITests/Info.plist;
				LD_RUNPATH_SEARCH_PATHS = "$(inherited) @executable_path/Frameworks @loader_path/Frameworks";
				PRODUCT_BUNDLE_IDENTIFIER = kantao.mychessUITests;
				PRODUCT_NAME = "$(TARGET_NAME)";
				TEST_TARGET_NAME = mychess;
			};
			name = Debug;
		};
		9D60E2DB1CDFCC6F00A64238 /* Release */ = {
			isa = XCBuildConfiguration;
			buildSettings = {
				INFOPLIST_FILE = mychessUITests/Info.plist;
				LD_RUNPATH_SEARCH_PATHS = "$(inherited) @executable_path/Frameworks @loader_path/Frameworks";
				PRODUCT_BUNDLE_IDENTIFIER = kantao.mychessUITests;
				PRODUCT_NAME = "$(TARGET_NAME)";
				TEST_TARGET_NAME = mychess;
			};
			name = Release;
		};
/* End XCBuildConfiguration section */

/* Begin XCConfigurationList section */
		9D60E2A61CDFCC6F00A64238 /* Build configuration list for PBXProject "mychess" */ = {
			isa = XCConfigurationList;
			buildConfigurations = (
				9D60E2D11CDFCC6F00A64238 /* Debug */,
				9D60E2D21CDFCC6F00A64238 /* Release */,
			);
			defaultConfigurationIsVisible = 0;
			defaultConfigurationName = Release;
		};
		9D60E2D31CDFCC6F00A64238 /* Build configuration list for PBXNativeTarget "mychess" */ = {
			isa = XCConfigurationList;
			buildConfigurations = (
				9D60E2D41CDFCC6F00A64238 /* Debug */,
				9D60E2D51CDFCC6F00A64238 /* Release */,
			);
			defaultConfigurationIsVisible = 0;
			defaultConfigurationName = Release;
		};
		9D60E2D61CDFCC6F00A64238 /* Build configuration list for PBXNativeTarget "mychessTests" */ = {
			isa = XCConfigurationList;
			buildConfigurations = (
				9D60E2D71CDFCC6F00A64238 /* Debug */,
				9D60E2D81CDFCC6F00A64238 /* Release */,
			);
			defaultConfigurationIsVisible = 0;
			defaultConfigurationName = Release;
		};
		9D60E2D91CDFCC6F00A64238 /* Build configuration list for PBXNativeTarget "mychessUITests" */ = {
			isa = XCConfigurationList;
			buildConfigurations = (
				9D60E2DA1CDFCC6F00A64238 /* Debug */,
				9D60E2DB1CDFCC6F00A64238 /* Release */,
			);
			defaultConfigurationIsVisible = 0;
			defaultConfigurationName = Release;
		};
/* End XCConfigurationList section */
	};
	rootObject = 9D60E2A31CDFCC6F00A64238 /* Project object */;
}
